
Microsoft Visual Studio Solution File, Format Version 12.00
# Visual Studio Version 16
VisualStudioVersion = 16.0.30503.244
MinimumVisualStudioVersion = 10.0.40219.1
Project("{FAE04EC0-301F-11D3-BF4B-00C04F79EFBC}") = "TaustaProjekti", "TaustaProjekti\TaustaProjekti.csproj", "{B3DD432C-90BC-4C74-AB6F-F34C6FC5D66F}"
EndProject
Global
	GlobalSection(SolutionConfigurationPlatforms) = preSolution
		Debug|Any CPU = Debug|Any CPU
		Release|Any CPU = Release|Any CPU
	EndGlobalSection
	GlobalSection(ProjectConfigurationPlatforms) = postSolution
		{B3DD432C-90BC-4C74-AB6F-F34C6FC5D66F}.Debug|Any CPU.ActiveCfg = Debug|Any CPU
		{B3DD432C-90BC-4C74-AB6F-F34C6FC5D66F}.Debug|Any CPU.Build.0 = Debug|Any CPU
		{B3DD432C-90BC-4C74-AB6F-F34C6FC5D66F}.Release|Any CPU.ActiveCfg = Release|Any CPU
		{B3DD432C-90BC-4C74-AB6F-F34C6FC5D66F}.Release|Any CPU.Build.0 = Release|Any CPU
	EndGlobalSection
	GlobalSection(SolutionProperties) = preSolution
		HideSolutionNode = FALSE
	EndGlobalSection
	GlobalSection(ExtensibilityGlobals) = postSolution
		SolutionGuid = {8379CB1A-99EC-4CF3-A6A7-D50BD4480B59}
	EndGlobalSection
EndGlobal
